<?xml version="1.0" encoding="utf-8"?>
<Project ToolsVersion="4.0" xmlns="http://schemas.microsoft.com/developer/msbuild/2003">
  <ItemGroup>
    <ClCompile Include="main.cpp" />
    <ClCompile Include="Raytracer.cpp" />
    <ClCompile Include="Logger.cpp" />
    <ClCompile Include="Factories\WindowFactory.cpp">
      <Filter>Factories</Filter>
    </ClCompile>
    <ClCompile Include="Factories\DeviceFactory.cpp">
      <Filter>Factories</Filter>
    </ClCompile>
    <ClCompile Include="IInput.cpp" />
    <ClCompile Include="Directory.cpp" />
    <ClCompile Include="Adapters\DeviceDirect3D.cpp">
      <Filter>Adapters</Filter>
    </ClCompile>
    <ClCompile Include="Adapters\DirectoryWinAPI.cpp">
      <Filter>Adapters</Filter>
    </ClCompile>
    <ClCompile Include="Adapters\InputWinAPI.cpp">
      <Filter>Adapters</Filter>
    </ClCompile>
    <ClCompile Include="Adapters\WindowWinAPI.cpp">
      <Filter>Adapters</Filter>
    </ClCompile>
    <ClCompile Include="Adapters\ComputeDirect3D.cpp">
      <Filter>Adapters</Filter>
    </ClCompile>
    <ClCompile Include="Graphics\Camera.cpp">
      <Filter>Graphics</Filter>
    </ClCompile>
  </ItemGroup>
  <ItemGroup>
    <ClInclude Include="Common.h" />
    <ClInclude Include="Raytracer.h" />
    <ClInclude Include="Logger.h" />
    <ClInclude Include="Factories\Factory.h">
      <Filter>Factories</Filter>
    </ClInclude>
    <ClInclude Include="Factories\ICompute.h">
      <Filter>Factories</Filter>
    </ClInclude>
    <ClInclude Include="Factories\IDevice.h">
      <Filter>Factories</Filter>
    </ClInclude>
    <ClInclude Include="Factories\IWindow.h">
      <Filter>Factories</Filter>
    </ClInclude>
    <ClInclude Include="Factories\WindowFactory.h">
      <Filter>Factories</Filter>
    </ClInclude>
    <ClInclude Include="Factories\DeviceFactory.h">
      <Filter>Factories</Filter>
    </ClInclude>
    <ClInclude Include="IInput.h" />
    <ClInclude Include="Directory.h" />
    <ClInclude Include="Adapters\ComputeDirect3D.h">
      <Filter>Adapters</Filter>
    </ClInclude>
    <ClInclude Include="Adapters\DeviceDirect3D.h">
      <Filter>Adapters</Filter>
    </ClInclude>
    <ClInclude Include="Adapters\DirectoryWinAPI.h">
      <Filter>Adapters</Filter>
    </ClInclude>
    <ClInclude Include="Adapters\InputWinAPI.h">
      <Filter>Adapters</Filter>
    </ClInclude>
    <ClInclude Include="Adapters\WindowWinAPI.h">
      <Filter>Adapters</Filter>
    </ClInclude>
    <ClInclude Include="Graphics\Camera.h">
      <Filter>Graphics</Filter>
    </ClInclude>
  </ItemGroup>
  <ItemGroup>
    <Filter Include="Adapters">
      <UniqueIdentifier>{d6b21d78-c539-4469-8c87-2347e49babbd}</UniqueIdentifier>
    </Filter>
    <Filter Include="Factories">
      <UniqueIdentifier>{ce98ea0f-2151-4772-91ef-e2ec507a2af6}</UniqueIdentifier>
    </Filter>
    <Filter Include="Graphics">
      <UniqueIdentifier>{5bdee977-68bb-44d2-967e-67dbeff07c60}</UniqueIdentifier>
    </Filter>
  </ItemGroup>
</Project>