
Microsoft Visual Studio Solution File, Format Version 11.00
# Visual Studio 2010
Project("{8BC9CEB8-8B4A-11D0-8D11-00A0C91BC942}") = "gpuraytrace", "gpuraytrace.vcxproj", "{36048BAC-6C9F-4347-9B2B-73F1EA0C59F4}"
EndProject
Global
	GlobalSection(SolutionConfigurationPlatforms) = preSolution
		Debug|Win32 = Debug|Win32
		Release|Win32 = Release|Win32
	EndGlobalSection
	GlobalSection(ProjectConfigurationPlatforms) = postSolution
		{36048BAC-6C9F-4347-9B2B-73F1EA0C59F4}.Debug|Win32.ActiveCfg = Debug|Win32
		{36048BAC-6C9F-4347-9B2B-73F1EA0C59F4}.Debug|Win32.Build.0 = Debug|Win32
		{36048BAC-6C9F-4347-9B2B-73F1EA0C59F4}.Release|Win32.ActiveCfg = Release|Win32
		{36048BAC-6C9F-4347-9B2B-73F1EA0C59F4}.Release|Win32.Build.0 = Release|Win32
	EndGlobalSection
	GlobalSection(SolutionProperties) = preSolution
		HideSolutionNode = FALSE
	EndGlobalSection
EndGlobal
